PODS:
  - AFNetworking (3.1.0):
    - AFNetworking/NSURLSession (= 3.1.0)
    - AFNetworking/Reachability (= 3.1.0)
    - AFNetworking/Security (= 3.1.0)
    - AFNetworking/Serialization (= 3.1.0)
    - AFNetworking/UIKit (= 3.1.0)
  - AFNetworking/NSURLSession (3.1.0):
    - AFNetworking/Reachability
    - AFNetworking/Security
    - AFNetworking/Serialization
  - AFNetworking/Reachability (3.1.0)
  - AFNetworking/Security (3.1.0)
  - AFNetworking/Serialization (3.1.0)
  - AFNetworking/UIKit (3.1.0):
    - AFNetworking/NSURLSession
  - BlocksKit/Core (2.2.5)
  - BlocksKit/DynamicDelegate (2.2.5)
  - BlocksKit/UIKit (2.2.5):
    - BlocksKit/Core
    - BlocksKit/DynamicDelegate
  - DZNEmptyDataSet (1.8.1)
  - IQKeyboardManager (4.0.4)
  - Masonry (1.0.1)
  - MJRefresh (3.1.12)
  - SDCycleScrollView (1.65):
    - SDWebImage (~> 3.7)
  - SDWebImage (3.8.1):
    - SDWebImage/Core (= 3.8.1)
  - SDWebImage/Core (3.8.1)
  - WZLBadge (1.2.5)
  - YTKNetwork (2.0.3):
    - AFNetworking (~> 3.0)
  - YYCategories (1.0.3):
    - YYCategories/no-arc (= 1.0.3)
  - YYCategories/no-arc (1.0.3)
  - YYModel (1.0.4)

DEPENDENCIES:
  - BlocksKit/UIKit (~> 2.2.5)
  - DZNEmptyDataSet
  - IQKeyboardManager
  - Masonry
  - MJRefresh
  - SDCycleScrollView (~> 1.64)
  - WZLBadge
  - YTKNetwork (~> 2.0.3)
  - YYCategories
  - YYModel

SPEC CHECKSUMS:
  AFNetworking: 5e0e199f73d8626b11e79750991f5d173d1f8b67
  BlocksKit: 7f422b971407001178d181a43b99014ea2591fe6
  DZNEmptyDataSet: 9525833b9e68ac21c30253e1d3d7076cc828eaa7
  IQKeyboardManager: 4a6f83b540283c2645aaeba2bd8dc0f09b5c77f8
  Masonry: a1a931a0d08870ed8ae415a2ea5ea68ebcac77df
  MJRefresh: b96cdb21c4aa75a7b07654311ab2f315c497e806
  SDCycleScrollView: f72904c77698a7f93a41bcbbc2d78b073bf7326c
  SDWebImage: 35f9627a3e44b4f292a8a8ce6a531fa488239b91
  WZLBadge: 16c08aa0a645e2591690f21cbcb410a3d878c7ac
  YTKNetwork: c4b0c29c9d639dc050d475de69ee626d53eac598
  YYCategories: 0fd4d9eb0994d8d0e355beb4081c8f7202a82b7b
  YYModel: 2a7fdd96aaa4b86a824e26d0c517de8928c04b30

PODFILE CHECKSUM: 18b8835a0642d938e449c132b5af4b75d3a38ec0

COCOAPODS: 1.0.1
